<?xml version="1.0" encoding="utf-8"?>
<Project ToolsVersion="4.0" xmlns="http://schemas.microsoft.com/developer/msbuild/2003">
  <ItemGroup>
    <Filter Include="Resource Files">
      <UniqueIdentifier>{274fef04-c9c3-4242-89d2-b115224608df}</UniqueIdentifier>
    </Filter>
    <Filter Include="Header Files">
      <UniqueIdentifier>{0836a0dd-9640-407b-aaa4-6e89a977bf67}</UniqueIdentifier>
    </Filter>
    <Filter Include="Shader Files">
      <UniqueIdentifier>{a7fc94d0-204b-4b15-9abb-9e44bcad12c9}</UniqueIdentifier>
    </Filter>
    <Filter Include="00. Engine">
      <UniqueIdentifier>{aab2e067-e8ad-4ef2-a08e-fea0ffd178b8}</UniqueIdentifier>
    </Filter>
    <Filter Include="00. Engine\00. MainApp">
      <UniqueIdentifier>{0cab2ae4-044f-4aaf-9e99-b49c47e185b9}</UniqueIdentifier>
    </Filter>
    <Filter Include="00. Engine\01. System">
      <UniqueIdentifier>{400dcfcd-70a3-4271-ae0b-a4f37bf482b7}</UniqueIdentifier>
    </Filter>
    <Filter Include="00. Engine\01. System\Primitive">
      <UniqueIdentifier>{7825794c-b700-44a1-af88-63990fc5392a}</UniqueIdentifier>
    </Filter>
    <Filter Include="00. Engine\01. System\GameObject">
      <UniqueIdentifier>{6e638b56-6534-4fa9-a73e-4106e5b3517f}</UniqueIdentifier>
    </Filter>
    <Filter Include="00. Engine\01. System\Physics">
      <UniqueIdentifier>{08d09b20-85b0-4823-aef1-7aa82fae0d90}</UniqueIdentifier>
    </Filter>
    <Filter Include="00. Engine\01. System\Physics\Collider">
      <UniqueIdentifier>{d2b921ad-e0c5-4835-b08a-fe5b0d7bdb36}</UniqueIdentifier>
    </Filter>
    <Filter Include="00. Engine\99. Define">
      <UniqueIdentifier>{49554945-e5d2-4797-948f-594a4354b5db}</UniqueIdentifier>
    </Filter>
    <Filter Include="01. Editor">
      <UniqueIdentifier>{d6a1b879-8908-4a00-9551-67d2403c7826}</UniqueIdentifier>
    </Filter>
    <Filter Include="01. Editor\ImGui">
      <UniqueIdentifier>{60421cd2-dcde-495e-90cf-93c723bc49f8}</UniqueIdentifier>
    </Filter>
    <Filter Include="02. Client">
      <UniqueIdentifier>{a4eba0b8-d33a-423f-b264-8dab9580399d}</UniqueIdentifier>
    </Filter>
    <Filter Include="02. Client\00. GameObject">
      <UniqueIdentifier>{dcac3399-b863-4a48-a1a9-a3cc9987a53a}</UniqueIdentifier>
    </Filter>
    <Filter Include="00. Engine\01. System\Graphic">
      <UniqueIdentifier>{5f8182e3-4923-4b20-a8cb-d0836506ff83}</UniqueIdentifier>
    </Filter>
    <Filter Include="00. Engine\01. System\Graphic\Renderer">
      <UniqueIdentifier>{e5d59400-df66-4a32-9a61-4bc4bea52a39}</UniqueIdentifier>
    </Filter>
    <Filter Include="00. Engine\01. System\Graphic\Shader">
      <UniqueIdentifier>{bfa52c2c-cb4b-42b1-a4fc-fcee1ec0c5b6}</UniqueIdentifier>
    </Filter>
    <Filter Include="00. Engine\01. System\Graphic\Mesh">
      <UniqueIdentifier>{918ea729-424a-453c-bdfa-5552988c73ae}</UniqueIdentifier>
    </Filter>
    <Filter Include="00. Engine\02. Math">
      <UniqueIdentifier>{613a980f-3a12-4bb7-8b9c-2051f5eee9b6}</UniqueIdentifier>
    </Filter>
    <Filter Include="00. Engine\02. Math\Vector">
      <UniqueIdentifier>{4a103c13-7c74-4956-bab8-25e223f4a2bd}</UniqueIdentifier>
    </Filter>
    <Filter Include="00. Engine\01. System\Graphic\Mesh\Circle">
      <UniqueIdentifier>{6a764431-8ce9-46e7-8408-8f86ae56a850}</UniqueIdentifier>
    </Filter>
    <Filter Include="00. Engine\01. System\Graphic\Mesh\Sphere">
      <UniqueIdentifier>{61d38d0e-db1a-453d-a70d-1cddf370e5da}</UniqueIdentifier>
    </Filter>
    <Filter Include="00. Engine\01. System\Scene">
      <UniqueIdentifier>{dc118352-78ba-4427-9097-9b5b601fff42}</UniqueIdentifier>
    </Filter>
    <Filter Include="02. Client\01. Scene">
      <UniqueIdentifier>{e9bdfce3-6250-4318-807d-0e06ea20f7f4}</UniqueIdentifier>
    </Filter>
    <Filter Include="00. Engine\01. System\Resource">
      <UniqueIdentifier>{a9395261-7948-4f88-b025-fab8f5c81def}</UniqueIdentifier>
    </Filter>
    <Filter Include="00. Engine\01. System\Resource\Texture2D">
      <UniqueIdentifier>{11d4163f-8cf8-4da5-88f8-91d83c6873f0}</UniqueIdentifier>
    </Filter>
    <Filter Include="00. Engine\01. System\Graphic\Mesh\Cube">
      <UniqueIdentifier>{597b9509-c6c6-4cc4-b972-2b1fa53e790e}</UniqueIdentifier>
    </Filter>
    <Filter Include="00. Engine\01. System\Graphic\Mesh\Texture">
      <UniqueIdentifier>{0b005236-c78d-46c9-b10d-622c5d88f6b2}</UniqueIdentifier>
    </Filter>
    <Filter Include="00. Engine\01. System\Graphic\Mesh\Rect">
      <UniqueIdentifier>{98ae2332-6950-43ca-ae4e-702ae2624a1f}</UniqueIdentifier>
    </Filter>
    <Filter Include="00. Engine\FMod">
      <UniqueIdentifier>{79ee88cd-52ec-4d91-915b-99ef9327c661}</UniqueIdentifier>
    </Filter>
    <Filter Include="00. Engine\01. System\Sound">
      <UniqueIdentifier>{d3f56801-b75b-424e-bd90-fce7d2dfde22}</UniqueIdentifier>
    </Filter>
    <Filter Include="02. Client\02. GameSystem">
      <UniqueIdentifier>{d6ec47e8-a725-48a3-adae-a5454c0c5201}</UniqueIdentifier>
    </Filter>
    <Filter Include="00. Engine\01. System\Graphic\Animator">
      <UniqueIdentifier>{865552cc-c69a-459f-add4-20e92b3a5620}</UniqueIdentifier>
    </Filter>
    <Filter Include="02. Client\00. GameObject\UI">
      <UniqueIdentifier>{2a9f601e-3d92-4a40-9c65-4f4c1d1c5060}</UniqueIdentifier>
    </Filter>
  </ItemGroup>
  <ItemGroup>
    <ClInclude Include="ImGui\imconfig.h">
      <Filter>01. Editor\ImGui</Filter>
    </ClInclude>
    <ClInclude Include="ImGui\imgui.h">
      <Filter>01. Editor\ImGui</Filter>
    </ClInclude>
    <ClInclude Include="ImGui\imgui_impl_dx11.h">
      <Filter>01. Editor\ImGui</Filter>
    </ClInclude>
    <ClInclude Include="ImGui\imgui_impl_win32.h">
      <Filter>01. Editor\ImGui</Filter>
    </ClInclude>
    <ClInclude Include="ImGui\imgui_internal.h">
      <Filter>01. Editor\ImGui</Filter>
    </ClInclude>
    <ClInclude Include="ImGui\imstb_rectpack.h">
      <Filter>01. Editor\ImGui</Filter>
    </ClInclude>
    <ClInclude Include="ImGui\imstb_textedit.h">
      <Filter>01. Editor\ImGui</Filter>
    </ClInclude>
    <ClInclude Include="ImGui\imstb_truetype.h">
      <Filter>01. Editor\ImGui</Filter>
    </ClInclude>
    <ClInclude Include="UWindow.h">
      <Filter>00. Engine\00. MainApp</Filter>
    </ClInclude>
    <ClInclude Include="UGameApp.h">
      <Filter>00. Engine\00. MainApp</Filter>
    </ClInclude>
    <ClInclude Include="FVector3.h">
      <Filter>00. Engine\02. Math\Vector</Filter>
    </ClInclude>
    <ClInclude Include="URenderer.h">
      <Filter>00. Engine\01. System\Graphic\Renderer</Filter>
    </ClInclude>
    <ClInclude Include="UShader.h">
      <Filter>00. Engine\01. System\Graphic\Shader</Filter>
    </ClInclude>
    <ClInclude Include="UMesh.h">
      <Filter>00. Engine\01. System\Graphic\Mesh</Filter>
    </ClInclude>
    <ClInclude Include="UPrimitive.h">
      <Filter>00. Engine\01. System\Primitive</Filter>
    </ClInclude>
    <ClInclude Include="UGameObject.h">
      <Filter>00. Engine\01. System\GameObject</Filter>
    </ClInclude>
    <ClInclude Include="Enum.h">
      <Filter>00. Engine\99. Define</Filter>
    </ClInclude>
    <ClInclude Include="UCircleCollider.h">
      <Filter>00. Engine\01. System\Physics\Collider</Filter>
    </ClInclude>
    <ClInclude Include="UCollider.h">
      <Filter>00. Engine\01. System\Physics\Collider</Filter>
    </ClInclude>
    <ClInclude Include="UBall.h">
      <Filter>02. Client\00. GameObject</Filter>
    </ClInclude>
    <ClInclude Include="UCircle2DMesh.h">
      <Filter>00. Engine\01. System\Graphic\Mesh\Circle</Filter>
    </ClInclude>
    <ClInclude Include="USphereMesh.h">
      <Filter>00. Engine\01. System\Graphic\Mesh\Sphere</Filter>
    </ClInclude>
    <ClInclude Include="Sphere.h">
      <Filter>00. Engine\01. System\Graphic\Mesh\Sphere</Filter>
    </ClInclude>
    <ClInclude Include="Circle.h">
      <Filter>00. Engine\01. System\Graphic\Mesh\Circle</Filter>
    </ClInclude>
    <ClInclude Include="UScene.h">
      <Filter>00. Engine\01. System\Scene</Filter>
    </ClInclude>
    <ClInclude Include="UWeek0Scene.h">
      <Filter>02. Client\01. Scene</Filter>
    </ClInclude>
    <ClInclude Include="SceneRegistry.h">
      <Filter>00. Engine\01. System\Scene</Filter>
    </ClInclude>
    <ClInclude Include="SceneAutoRegister.h">
      <Filter>00. Engine\01. System\Scene</Filter>
    </ClInclude>
    <ClInclude Include="UMainGameScene.h">
      <Filter>02. Client\01. Scene</Filter>
    </ClInclude>
    <ClInclude Include="UResource.h">
      <Filter>00. Engine\01. System\Resource</Filter>
    </ClInclude>
    <ClInclude Include="Macro.h">
      <Filter>00. Engine\99. Define</Filter>
    </ClInclude>
    <ClInclude Include="TextureRenderer.h">
      <Filter>00. Engine\01. System\Graphic</Filter>
    </ClInclude>
    <ClInclude Include="UEngine.h">
      <Filter>00. Engine\01. System</Filter>
    </ClInclude>
    <ClInclude Include="URectCollider.h">
      <Filter>00. Engine\01. System\Physics\Collider</Filter>
    </ClInclude>
    <ClInclude Include="UResourceManager.h">
      <Filter>00. Engine\01. System\Resource</Filter>
    </ClInclude>
    <ClInclude Include="USceneManager.h">
      <Filter>00. Engine\01. System\Scene</Filter>
    </ClInclude>
    <ClInclude Include="UTexture2D.h">
      <Filter>00. Engine\01. System\Resource\Texture2D</Filter>
    </ClInclude>
    <ClInclude Include="Uscreen.h">
      <Filter>02. Client\00. GameObject</Filter>
    </ClInclude>
    <ClInclude Include="UTextureMesh.h">
      <Filter>00. Engine\01. System\Graphic\Mesh\Texture</Filter>
    </ClInclude>
    <ClInclude Include="URectMesh.h">
      <Filter>00. Engine\01. System\Graphic\Mesh\Rect</Filter>
    </ClInclude>
    <ClInclude Include="Cube.h">
      <Filter>00. Engine\01. System\Graphic\Mesh\Cube</Filter>
    </ClInclude>
    <ClInclude Include="UTestObject_2.h">
      <Filter>02. Client\00. GameObject</Filter>
    </ClInclude>
    <ClInclude Include="UTestScene.h">
      <Filter>02. Client\01. Scene</Filter>
    </ClInclude>
    <ClInclude Include="UMainTitleScene.h">
      <Filter>02. Client\01. Scene</Filter>
    </ClInclude>
    <ClInclude Include="FMod\fmod.h">
      <Filter>00. Engine\FMod</Filter>
    </ClInclude>
    <ClInclude Include="FMod\fmod.hpp">
      <Filter>00. Engine\FMod</Filter>
    </ClInclude>
    <ClInclude Include="FMod\fmod_codec.h">
      <Filter>00. Engine\FMod</Filter>
    </ClInclude>
    <ClInclude Include="FMod\fmod_common.h">
      <Filter>00. Engine\FMod</Filter>
    </ClInclude>
    <ClInclude Include="FMod\fmod_dsp.h">
      <Filter>00. Engine\FMod</Filter>
    </ClInclude>
    <ClInclude Include="FMod\fmod_dsp_effects.h">
      <Filter>00. Engine\FMod</Filter>
    </ClInclude>
    <ClInclude Include="FMod\fmod_errors.h">
      <Filter>00. Engine\FMod</Filter>
    </ClInclude>
    <ClInclude Include="FMod\fmod_output.h">
      <Filter>00. Engine\FMod</Filter>
    </ClInclude>
    <ClInclude Include="USoundManager.h">
      <Filter>00. Engine\01. System\Sound</Filter>
    </ClInclude>
    <ClInclude Include="UGameManager.h">
      <Filter>02. Client\02. GameSystem</Filter>
    </ClInclude>
    <ClInclude Include="UNet.h">
      <Filter>02. Client\00. GameObject</Filter>
    </ClInclude>
    <ClInclude Include="Animator.h">
      <Filter>00. Engine\01. System\Graphic\Animator</Filter>
    </ClInclude>
    <ClInclude Include="UShadow.h">
      <Filter>02. Client\00. GameObject</Filter>
    </ClInclude>
    <ClInclude Include="UPikachu.h">
      <Filter>02. Client\00. GameObject</Filter>
    </ClInclude>
    <ClInclude Include="UWave.h">
      <Filter>02. Client\00. GameObject</Filter>
    </ClInclude>
    <ClInclude Include="UUI.h">
      <Filter>02. Client\00. GameObject\UI</Filter>
    </ClInclude>
    <ClInclude Include="UUIButton.h">
      <Filter>02. Client\00. GameObject\UI</Filter>
    </ClInclude>
    <ClInclude Include="UUIImage.h">
      <Filter>02. Client\00. GameObject\UI</Filter>
    </ClInclude>
    <ClInclude Include="UUIScore.h">
      <Filter>02. Client\00. GameObject\UI</Filter>
    </ClInclude>
  </ItemGroup>
  <ItemGroup>
    <ClCompile Include="ImGui\imgui.cpp">
      <Filter>01. Editor\ImGui</Filter>
    </ClCompile>
    <ClCompile Include="ImGui\imgui_demo.cpp">
      <Filter>01. Editor\ImGui</Filter>
    </ClCompile>
    <ClCompile Include="ImGui\imgui_draw.cpp">
      <Filter>01. Editor\ImGui</Filter>
    </ClCompile>
    <ClCompile Include="ImGui\imgui_impl_dx11.cpp">
      <Filter>01. Editor\ImGui</Filter>
    </ClCompile>
    <ClCompile Include="ImGui\imgui_impl_win32.cpp">
      <Filter>01. Editor\ImGui</Filter>
    </ClCompile>
    <ClCompile Include="ImGui\imgui_tables.cpp">
      <Filter>01. Editor\ImGui</Filter>
    </ClCompile>
    <ClCompile Include="ImGui\imgui_widgets.cpp">
      <Filter>01. Editor\ImGui</Filter>
    </ClCompile>
    <ClCompile Include="UWindow.cpp">
      <Filter>00. Engine\00. MainApp</Filter>
    </ClCompile>
    <ClCompile Include="main.cpp">
      <Filter>00. Engine\00. MainApp</Filter>
    </ClCompile>
    <ClCompile Include="UGameApp.cpp">
      <Filter>00. Engine\00. MainApp</Filter>
    </ClCompile>
    <ClCompile Include="Utility.h">
      <Filter>00. Engine\99. Define</Filter>
    </ClCompile>
    <ClCompile Include="URenderer.cpp">
      <Filter>00. Engine\01. System\Graphic\Renderer</Filter>
    </ClCompile>
    <ClCompile Include="UShader.cpp">
      <Filter>00. Engine\01. System\Graphic\Shader</Filter>
    </ClCompile>
    <ClCompile Include="UMesh.cpp">
      <Filter>00. Engine\01. System\Graphic\Mesh</Filter>
    </ClCompile>
    <ClCompile Include="UPrimitive.cpp">
      <Filter>00. Engine\01. System\Primitive</Filter>
    </ClCompile>
    <ClCompile Include="UGameObject.cpp">
      <Filter>00. Engine\01. System\GameObject</Filter>
    </ClCompile>
    <ClCompile Include="UCircleCollider.cpp">
      <Filter>00. Engine\01. System\Physics\Collider</Filter>
    </ClCompile>
    <ClCompile Include="UCollider.cpp">
      <Filter>00. Engine\01. System\Physics\Collider</Filter>
    </ClCompile>
    <ClCompile Include="UBall.cpp">
      <Filter>02. Client\00. GameObject</Filter>
    </ClCompile>
    <ClCompile Include="UCircle2DMesh.cpp">
      <Filter>00. Engine\01. System\Graphic\Mesh\Circle</Filter>
    </ClCompile>
    <ClCompile Include="USphereMesh.cpp">
      <Filter>00. Engine\01. System\Graphic\Mesh\Sphere</Filter>
    </ClCompile>
    <ClCompile Include="UScene.cpp">
      <Filter>00. Engine\01. System\Scene</Filter>
    </ClCompile>
    <ClCompile Include="UWeek0Scene.cpp">
      <Filter>02. Client\01. Scene</Filter>
    </ClCompile>
    <ClCompile Include="SceneRegistry.cpp">
      <Filter>00. Engine\01. System\Scene</Filter>
    </ClCompile>
    <ClCompile Include="UMainGameScene.cpp">
      <Filter>02. Client\01. Scene</Filter>
    </ClCompile>
    <ClCompile Include="UResource.cpp">
      <Filter>00. Engine\01. System\Resource</Filter>
    </ClCompile>
    <ClCompile Include="TextureRenderer.cpp">
      <Filter>00. Engine\01. System\Graphic</Filter>
    </ClCompile>
    <ClCompile Include="UCubeMesh.h">
      <Filter>00. Engine\01. System\Graphic\Mesh\Cube</Filter>
    </ClCompile>
    <ClCompile Include="UCubeMesh.cpp">
      <Filter>00. Engine\01. System\Graphic\Mesh\Cube</Filter>
    </ClCompile>
    <ClCompile Include="UEngine.cpp">
      <Filter>00. Engine\01. System</Filter>
    </ClCompile>
    <ClCompile Include="URectCollider.cpp">
      <Filter>00. Engine\01. System\Physics\Collider</Filter>
    </ClCompile>
    <ClCompile Include="UResourceManager.cpp">
      <Filter>00. Engine\01. System\Resource</Filter>
    </ClCompile>
    <ClCompile Include="USceneManager.cpp">
      <Filter>00. Engine\01. System\Scene</Filter>
    </ClCompile>
    <ClCompile Include="UTexture2D.cpp">
      <Filter>00. Engine\01. System\Resource\Texture2D</Filter>
    </ClCompile>
    <ClCompile Include="Uscreen.cpp">
      <Filter>02. Client\00. GameObject</Filter>
    </ClCompile>
    <ClCompile Include="UTextureMesh.cpp">
      <Filter>00. Engine\01. System\Graphic\Mesh\Texture</Filter>
    </ClCompile>
    <ClCompile Include="URectMesh.cpp">
      <Filter>00. Engine\01. System\Graphic\Mesh\Rect</Filter>
    </ClCompile>
    <ClCompile Include="UTestObject_2.cpp">
      <Filter>02. Client\00. GameObject</Filter>
    </ClCompile>
    <ClCompile Include="UTestScene.cpp">
      <Filter>02. Client\01. Scene</Filter>
    </ClCompile>
    <ClCompile Include="UMainTitleScene.cpp">
      <Filter>02. Client\01. Scene</Filter>
    </ClCompile>
    <ClCompile Include="USoundManager.cpp">
      <Filter>00. Engine\01. System\Sound</Filter>
    </ClCompile>
    <ClCompile Include="UGameManager.cpp">
      <Filter>02. Client\02. GameSystem</Filter>
    </ClCompile>
    <ClCompile Include="UNet.cpp">
      <Filter>02. Client\00. GameObject</Filter>
    </ClCompile>
    <ClCompile Include="Animator.cpp">
      <Filter>00. Engine\01. System\Graphic\Animator</Filter>
    </ClCompile>
    <ClCompile Include="UShadow.cpp">
      <Filter>02. Client\00. GameObject</Filter>
    </ClCompile>
    <ClCompile Include="UPikachu.cpp">
      <Filter>02. Client\00. GameObject</Filter>
    </ClCompile>
    <ClCompile Include="UWave.cpp">
      <Filter>02. Client\00. GameObject</Filter>
    </ClCompile>
    <ClCompile Include="UUI.cpp">
      <Filter>02. Client\00. GameObject\UI</Filter>
    </ClCompile>
    <ClCompile Include="UUIButton.cpp">
      <Filter>02. Client\00. GameObject\UI</Filter>
    </ClCompile>
    <ClCompile Include="UUIImage.cpp">
      <Filter>02. Client\00. GameObject\UI</Filter>
    </ClCompile>
    <ClCompile Include="UUIScore.cpp">
      <Filter>02. Client\00. GameObject\UI</Filter>
    </ClCompile>
  </ItemGroup>
  <ItemGroup>
    <FxCompile Include="ShaderW0.hlsl">
      <Filter>Shader Files</Filter>
    </FxCompile>
    <FxCompile Include="ShaderTexture.hlsl">
      <Filter>Shader Files</Filter>
    </FxCompile>
  </ItemGroup>
  <ItemGroup>
    <None Include="packages.config" />
  </ItemGroup>
</Project>